{
  "name": "zeronet-protocol",
  "version": "0.0.1",
  "lockfileVersion": 1,
  "dependencies": {
    "clone": {
      "version": "2.1.1",
      "resolved": "https://registry.npmjs.org/clone/-/clone-2.1.1.tgz",
      "integrity": "sha1-0hfR6WERjjrJpLi7oyhVU79kfNs="
    },
    "msgpack": {
      "version": "1.0.2",
      "resolved": "https://registry.npmjs.org/msgpack/-/msgpack-1.0.2.tgz",
      "integrity": "sha1-kj4sXP+mXIQY6bIo0RJHk5acQpw="
    },
    "nan": {
      "version": "2.6.2",
      "resolved": "https://registry.npmjs.org/nan/-/nan-2.6.2.tgz",
      "integrity": "sha1-5P805slf37WuzAjeZZb0NgWn20U="
    }
  }
}
